
Microsoft Visual Studio Solution File, Format Version 12.00
# Visual Studio Version 16
VisualStudioVersion = 16.0.29201.188
MinimumVisualStudioVersion = 10.0.40219.1
Project("{8BC9CEB8-8B4A-11D0-8D11-00A0C91BC942}") = "排列组合2", "排列组合2.vcxproj", "{5BBD2265-5C8B-460D-808F-10A65668C7B2}"
EndProject
Global
	GlobalSection(SolutionConfigurationPlatforms) = preSolution
		Debug|x64 = Debug|x64
		Debug|x86 = Debug|x86
		Release|x64 = Release|x64
		Release|x86 = Release|x86
	EndGlobalSection
	GlobalSection(ProjectConfigurationPlatforms) = postSolution
		{5BBD2265-5C8B-460D-808F-10A65668C7B2}.Debug|x64.ActiveCfg = Debug|x64
		{5BBD2265-5C8B-460D-808F-10A65668C7B2}.Debug|x64.Build.0 = Debug|x64
		{5BBD2265-5C8B-460D-808F-10A65668C7B2}.Debug|x86.ActiveCfg = Debug|Win32
		{5BBD2265-5C8B-460D-808F-10A65668C7B2}.Debug|x86.Build.0 = Debug|Win32
		{5BBD2265-5C8B-460D-808F-10A65668C7B2}.Release|x64.ActiveCfg = Release|x64
		{5BBD2265-5C8B-460D-808F-10A65668C7B2}.Release|x64.Build.0 = Release|x64
		{5BBD2265-5C8B-460D-808F-10A65668C7B2}.Release|x86.ActiveCfg = Release|Win32
		{5BBD2265-5C8B-460D-808F-10A65668C7B2}.Release|x86.Build.0 = Release|Win32
	EndGlobalSection
	GlobalSection(SolutionProperties) = preSolution
		HideSolutionNode = FALSE
	EndGlobalSection
	GlobalSection(ExtensibilityGlobals) = postSolution
		SolutionGuid = {B1B1643E-AD2A-4F6E-8499-E21D3474A283}
	EndGlobalSection
EndGlobal
